// !$*UTF8*$!
{
	archiveVersion = 1;
	classes = {
	};
	objectVersion = 50;
	objects = {

/* Begin PBXBuildFile section */
		18ED6021266269A500FA05D1 /* AppDelegate.swift in Sources */ = {isa = PBXBuildFile; fileRef = 18ED6020266269A500FA05D1 /* AppDelegate.swift */; };
		18ED6023266269A500FA05D1 /* SceneDelegate.swift in Sources */ = {isa = PBXBuildFile; fileRef = 18ED6022266269A500FA05D1 /* SceneDelegate.swift */; };
		18ED6025266269A500FA05D1 /* ViewController.swift in Sources */ = {isa = PBXBuildFile; fileRef = 18ED6024266269A500FA05D1 /* ViewController.swift */; };
		18ED6028266269A500FA05D1 /* Main.storyboard in Resources */ = {isa = PBXBuildFile; fileRef = 18ED6026266269A500FA05D1 /* Main.storyboard */; };
		18ED602A266269A800FA05D1 /* Assets.xcassets in Resources */ = {isa = PBXBuildFile; fileRef = 18ED6029266269A800FA05D1 /* Assets.xcassets */; };
		18ED602D266269A800FA05D1 /* LaunchScreen.storyboard in Resources */ = {isa = PBXBuildFile; fileRef = 18ED602B266269A800FA05D1 /* LaunchScreen.storyboard */; };
		18ED6038266269A900FA05D1 /* MVVM_NewsTests.swift in Sources */ = {isa = PBXBuildFile; fileRef = 18ED6037266269A900FA05D1 /* MVVM_NewsTests.swift */; };
		18ED6043266269A900FA05D1 /* MVVM_NewsUITests.swift in Sources */ = {isa = PBXBuildFile; fileRef = 18ED6042266269A900FA05D1 /* MVVM_NewsUITests.swift */; };
/* End PBXBuildFile section */

/* Begin PBXContainerItemProxy section */
		18ED6034266269A900FA05D1 /* PBXContainerItemProxy */ = {
			isa = PBXContainerItemProxy;
			containerPortal = 18ED6015266269A400FA05D1 /* Project object */;
			proxyType = 1;
			remoteGlobalIDString = 18ED601C266269A400FA05D1;
			remoteInfo = MVVM_News;
		};
		18ED603F266269A900FA05D1 /* PBXContainerItemProxy */ = {
			isa = PBXContainerItemProxy;
			containerPortal = 18ED6015266269A400FA05D1 /* Project object */;
			proxyType = 1;
			remoteGlobalIDString = 18ED601C266269A400FA05D1;
			remoteInfo = MVVM_News;
		};
/* End PBXContainerItemProxy section */

/* Begin PBXFileReference section */
		18ED601D266269A500FA05D1 /* MVVM_News.app */ = {isa = PBXFileReference; explicitFileType = wrapper.application; includeInIndex = 0; path = MVVM_News.app; sourceTree = BUILT_PRODUCTS_DIR; };
		18ED6020266269A500FA05D1 /* AppDelegate.swift */ = {isa = PBXFileReference; lastKnownFileType = sourcecode.swift; path = AppDelegate.swift; sourceTree = "<group>"; };
		18ED6022266269A500FA05D1 /* SceneDelegate.swift */ = {isa = PBXFileReference; lastKnownFileType = sourcecode.swift; path = SceneDelegate.swift; sourceTree = "<group>"; };
		18ED6024266269A500FA05D1 /* ViewController.swift */ = {isa = PBXFileReference; lastKnownFileType = sourcecode.swift; path = ViewController.swift; sourceTree = "<group>"; };
		18ED6027266269A500FA05D1 /* Base */ = {isa = PBXFileReference; lastKnownFileType = file.storyboard; name = Base; path = Base.lproj/Main.storyboard; sourceTree = "<group>"; };
		18ED6029266269A800FA05D1 /* Assets.xcassets */ = {isa = PBXFileReference; lastKnownFileType = folder.assetcatalog; path = Assets.xcassets; sourceTree = "<group>"; };
		18ED602C266269A800FA05D1 /* Base */ = {isa = PBXFileReference; lastKnownFileType = file.storyboard; name = Base; path = Base.lproj/LaunchScreen.storyboard; sourceTree = "<group>"; };
		18ED602E266269A800FA05D1 /* Info.plist */ = {isa = PBXFileReference; lastKnownFileType = text.plist.xml; path = Info.plist; sourceTree = "<group>"; };
		18ED6033266269A900FA05D1 /* MVVM_NewsTests.xctest */ = {isa = PBXFileReference; explicitFileType = wrapper.cfbundle; includeInIndex = 0; path = MVVM_NewsTests.xctest; sourceTree = BUILT_PRODUCTS_DIR; };
		18ED6037266269A900FA05D1 /* MVVM_NewsTests.swift */ = {isa = PBXFileReference; lastKnownFileType = sourcecode.swift; path = MVVM_NewsTests.swift; sourceTree = "<group>"; };
		18ED6039266269A900FA05D1 /* Info.plist */ = {isa = PBXFileReference; lastKnownFileType = text.plist.xml; path = Info.plist; sourceTree = "<group>"; };
		18ED603E266269A900FA05D1 /* MVVM_NewsUITests.xctest */ = {isa = PBXFileReference; explicitFileType = wrapper.cfbundle; includeInIndex = 0; path = MVVM_NewsUITests.xctest; sourceTree = BUILT_PRODUCTS_DIR; };
		18ED6042266269A900FA05D1 /* MVVM_NewsUITests.swift */ = {isa = PBXFileReference; lastKnownFileType = sourcecode.swift; path = MVVM_NewsUITests.swift; sourceTree = "<group>"; };
		18ED6044266269A900FA05D1 /* Info.plist */ = {isa = PBXFileReference; lastKnownFileType = text.plist.xml; path = Info.plist; sourceTree = "<group>"; };
/* End PBXFileReference section */

/* Begin PBXFrameworksBuildPhase section */
		18ED601A266269A400FA05D1 /* Frameworks */ = {
			isa = PBXFrameworksBuildPhase;
			buildActionMask = 2147483647;
			files = (
			);
			runOnlyForDeploymentPostprocessing = 0;
		};
		18ED6030266269A900FA05D1 /* Frameworks */ = {
			isa = PBXFrameworksBuildPhase;
			buildActionMask = 2147483647;
			files = (
			);
			runOnlyForDeploymentPostprocessing = 0;
		};
		18ED603B266269A900FA05D1 /* Frameworks */ = {
			isa = PBXFrameworksBuildPhase;
			buildActionMask = 2147483647;
			files = (
			);
			runOnlyForDeploymentPostprocessing = 0;
		};
/* End PBXFrameworksBuildPhase section */

/* Begin PBXGroup section */
		18ED6014266269A400FA05D1 = {
			isa = PBXGroup;
			children = (
				18ED601F266269A500FA05D1 /* MVVM_News */,
				18ED6036266269A900FA05D1 /* MVVM_NewsTests */,
				18ED6041266269A900FA05D1 /* MVVM_NewsUITests */,
				18ED601E266269A500FA05D1 /* Products */,
			);
			sourceTree = "<group>";
		};
		18ED601E266269A500FA05D1 /* Products */ = {
			isa = PBXGroup;
			children = (
				18ED601D266269A500FA05D1 /* MVVM_News.app */,
				18ED6033266269A900FA05D1 /* MVVM_NewsTests.xctest */,
				18ED603E266269A900FA05D1 /* MVVM_NewsUITests.xctest */,
			);
			name = Products;
			sourceTree = "<group>";
		};
		18ED601F266269A500FA05D1 /* MVVM_News */ = {
			isa = PBXGroup;
			children = (
				18ED6020266269A500FA05D1 /* AppDelegate.swift */,
				18ED6022266269A500FA05D1 /* SceneDelegate.swift */,
				18ED6024266269A500FA05D1 /* ViewController.swift */,
				18ED6026266269A500FA05D1 /* Main.storyboard */,
				18ED6029266269A800FA05D1 /* Assets.xcassets */,
				18ED602B266269A800FA05D1 /* LaunchScreen.storyboard */,
				18ED602E266269A800FA05D1 /* Info.plist */,
			);
			path = MVVM_News;
			sourceTree = "<group>";
		};
		18ED6036266269A900FA05D1 /* MVVM_NewsTests */ = {
			isa = PBXGroup;
			children = (
				18ED6037266269A900FA05D1 /* MVVM_NewsTests.swift */,
				18ED6039266269A900FA05D1 /* Info.plist */,
			);
			path = MVVM_NewsTests;
			sourceTree = "<group>";
		};
		18ED6041266269A900FA05D1 /* MVVM_NewsUITests */ = {
			isa = PBXGroup;
			children = (
				18ED6042266269A900FA05D1 /* MVVM_NewsUITests.swift */,
				18ED6044266269A900FA05D1 /* Info.plist */,
			);
			path = MVVM_NewsUITests;
			sourceTree = "<group>";
		};
/* End PBXGroup section */

/* Begin PBXNativeTarget section */
		18ED601C266269A400FA05D1 /* MVVM_News */ = {
			isa = PBXNativeTarget;
			buildConfigurationList = 18ED6047266269A900FA05D1 /* Build configuration list for PBXNativeTarget "MVVM_News" */;
			buildPhases = (
				18ED6019266269A400FA05D1 /* Sources */,
				18ED601A266269A400FA05D1 /* Frameworks */,
				18ED601B266269A400FA05D1 /* Resources */,
			);
			buildRules = (
			);
			dependencies = (
			);
			name = MVVM_News;
			productName = MVVM_News;
			productReference = 18ED601D266269A500FA05D1 /* MVVM_News.app */;
			productType = "com.apple.product-type.application";
		};
		18ED6032266269A900FA05D1 /* MVVM_NewsTests */ = {
			isa = PBXNativeTarget;
			buildConfigurationList = 18ED604A266269A900FA05D1 /* Build configuration list for PBXNativeTarget "MVVM_NewsTests" */;
			buildPhases = (
				18ED602F266269A900FA05D1 /* Sources */,
				18ED6030266269A900FA05D1 /* Frameworks */,
				18ED6031266269A900FA05D1 /* Resources */,
			);
			buildRules = (
			);
			dependencies = (
				18ED6035266269A900FA05D1 /* PBXTargetDependency */,
			);
			name = MVVM_NewsTests;
			productName = MVVM_NewsTests;
			productReference = 18ED6033266269A900FA05D1 /* MVVM_NewsTests.xctest */;
			productType = "com.apple.product-type.bundle.unit-test";
		};
		18ED603D266269A900FA05D1 /* MVVM_NewsUITests */ = {
			isa = PBXNativeTarget;
			buildConfigurationList = 18ED604D266269A900FA05D1 /* Build configuration list for PBXNativeTarget "MVVM_NewsUITests" */;
			buildPhases = (
				18ED603A266269A900FA05D1 /* Sources */,
				18ED603B266269A900FA05D1 /* Frameworks */,
				18ED603C266269A900FA05D1 /* Resources */,
			);
			buildRules = (
			);
			dependencies = (
				18ED6040266269A900FA05D1 /* PBXTargetDependency */,
			);
			name = MVVM_NewsUITests;
			productName = MVVM_NewsUITests;
			productReference = 18ED603E266269A900FA05D1 /* MVVM_NewsUITests.xctest */;
			productType = "com.apple.product-type.bundle.ui-testing";
		};
/* End PBXNativeTarget section */

/* Begin PBXProject section */
		18ED6015266269A400FA05D1 /* Project object */ = {
			isa = PBXProject;
			attributes = {
				LastSwiftUpdateCheck = 1250;
				LastUpgradeCheck = 1250;
				TargetAttributes = {
					18ED601C266269A400FA05D1 = {
						CreatedOnToolsVersion = 12.5;
					};
					18ED6032266269A900FA05D1 = {
						CreatedOnToolsVersion = 12.5;
						TestTargetID = 18ED601C266269A400FA05D1;
					};
					18ED603D266269A900FA05D1 = {
						CreatedOnToolsVersion = 12.5;
						TestTargetID = 18ED601C266269A400FA05D1;
					};
				};
			};
			buildConfigurationList = 18ED6018266269A400FA05D1 /* Build configuration list for PBXProject "MVVM_News" */;
			compatibilityVersion = "Xcode 9.3";
			developmentRegion = en;
			hasScannedForEncodings = 0;
			knownRegions = (
				en,
				Base,
			);
			mainGroup = 18ED6014266269A400FA05D1;
			productRefGroup = 18ED601E266269A500FA05D1 /* Products */;
			projectDirPath = "";
			projectRoot = "";
			targets = (
				18ED601C266269A400FA05D1 /* MVVM_News */,
				18ED6032266269A900FA05D1 /* MVVM_NewsTests */,
				18ED603D266269A900FA05D1 /* MVVM_NewsUITests */,
			);
		};
/* End PBXProject section */

/* Begin PBXResourcesBuildPhase section */
		18ED601B266269A400FA05D1 /* Resources */ = {
			isa = PBXResourcesBuildPhase;
			buildActionMask = 2147483647;
			files = (
				18ED602D266269A800FA05D1 /* LaunchScreen.storyboard in Resources */,
				18ED602A266269A800FA05D1 /* Assets.xcassets in Resources */,
				18ED6028266269A500FA05D1 /* Main.storyboard in Resources */,
			);
			runOnlyForDeploymentPostprocessing = 0;
		};
		18ED6031266269A900FA05D1 /* Resources */ = {
			isa = PBXResourcesBuildPhase;
			buildActionMask = 2147483647;
			files = (
			);
			runOnlyForDeploymentPostprocessing = 0;
		};
		18ED603C266269A900FA05D1 /* Resources */ = {
			isa = PBXResourcesBuildPhase;
			buildActionMask = 2147483647;
			files = (
			);
			runOnlyForDeploymentPostprocessing = 0;
		};
/* End PBXResourcesBuildPhase section */

/* Begin PBXSourcesBuildPhase section */
		18ED6019266269A400FA05D1 /* Sources */ = {
			isa = PBXSourcesBuildPhase;
			buildActionMask = 2147483647;
			files = (
				18ED6025266269A500FA05D1 /* ViewController.swift in Sources */,
				18ED6021266269A500FA05D1 /* AppDelegate.swift in Sources */,
				18ED6023266269A500FA05D1 /* SceneDelegate.swift in Sources */,
			);
			runOnlyForDeploymentPostprocessing = 0;
		};
		18ED602F266269A900FA05D1 /* Sources */ = {
			isa = PBXSourcesBuildPhase;
			buildActionMask = 2147483647;
			files = (
				18ED6038266269A900FA05D1 /* MVVM_NewsTests.swift in Sources */,
			);
			runOnlyForDeploymentPostprocessing = 0;
		};
		18ED603A266269A900FA05D1 /* Sources */ = {
			isa = PBXSourcesBuildPhase;
			buildActionMask = 2147483647;
			files = (
				18ED6043266269A900FA05D1 /* MVVM_NewsUITests.swift in Sources */,
			);
			runOnlyForDeploymentPostprocessing = 0;
		};
/* End PBXSourcesBuildPhase section */

/* Begin PBXTargetDependency section */
		18ED6035266269A900FA05D1 /* PBXTargetDependency */ = {
			isa = PBXTargetDependency;
			target = 18ED601C266269A400FA05D1 /* MVVM_News */;
			targetProxy = 18ED6034266269A900FA05D1 /* PBXContainerItemProxy */;
		};
		18ED6040266269A900FA05D1 /* PBXTargetDependency */ = {
			isa = PBXTargetDependency;
			target = 18ED601C266269A400FA05D1 /* MVVM_News */;
			targetProxy = 18ED603F266269A900FA05D1 /* PBXContainerItemProxy */;
		};
/* End PBXTargetDependency section */

/* Begin PBXVariantGroup section */
		18ED6026266269A500FA05D1 /* Main.storyboard */ = {
			isa = PBXVariantGroup;
			children = (
				18ED6027266269A500FA05D1 /* Base */,
			);
			name = Main.storyboard;
			sourceTree = "<group>";
		};
		18ED602B266269A800FA05D1 /* LaunchScreen.storyboard */ = {
			isa = PBXVariantGroup;
			children = (
				18ED602C266269A800FA05D1 /* Base */,
			);
			name = LaunchScreen.storyboard;
			sourceTree = "<group>";
		};
/* End PBXVariantGroup section */

/* Begin XCBuildConfiguration section */
		18ED6045266269A900FA05D1 /* Debug */ = {
			isa = XCBuildConfiguration;
			buildSettings = {
				ALWAYS_SEARCH_USER_PATHS = NO;
				CLANG_ANALYZER_NONNULL = YES;
				CLANG_ANALYZER_NUMBER_OBJECT_CONVERSION = YES_AGGRESSIVE;
				CLANG_CXX_LANGUAGE_STANDARD = "gnu++14";
				CLANG_CXX_LIBRARY = "libc++";
				CLANG_ENABLE_MODULES = YES;
				CLANG_ENABLE_OBJC_ARC = YES;
				CLANG_ENABLE_OBJC_WEAK = YES;
				CLANG_WARN_BLOCK_CAPTURE_AUTORELEASING = YES;
				CLANG_WARN_BOOL_CONVERSION = YES;
				CLANG_WARN_COMMA = YES;
				CLANG_WARN_CONSTANT_CONVERSION = YES;
				CLANG_WARN_DEPRECATED_OBJC_IMPLEMENTATIONS = YES;
				CLANG_WARN_DIRECT_OBJC_ISA_USAGE = YES_ERROR;
				CLANG_WARN_DOCUMENTATION_COMMENTS = YES;
				CLANG_WARN_EMPTY_BODY = YES;
				CLANG_WARN_ENUM_CONVERSION = YES;
				CLANG_WARN_INFINITE_RECURSION = YES;
				CLANG_WARN_INT_CONVERSION = YES;
				CLANG_WARN_NON_LITERAL_NULL_CONVERSION = YES;
				CLANG_WARN_OBJC_IMPLICIT_RETAIN_SELF = YES;
				CLANG_WARN_OBJC_LITERAL_CONVERSION = YES;
				CLANG_WARN_OBJC_ROOT_CLASS = YES_ERROR;
				CLANG_WARN_QUOTED_INCLUDE_IN_FRAMEWORK_HEADER = YES;
				CLANG_WARN_RANGE_LOOP_ANALYSIS = YES;
				CLANG_WARN_STRICT_PROTOTYPES = YES;
				CLANG_WARN_SUSPICIOUS_MOVE = YES;
				CLANG_WARN_UNGUARDED_AVAILABILITY = YES_AGGRESSIVE;
				CLANG_WARN_UNREACHABLE_CODE = YES;
				CLANG_WARN__DUPLICATE_METHOD_MATCH = YES;
				COPY_PHASE_STRIP = NO;
				DEBUG_INFORMATION_FORMAT = dwarf;
				ENABLE_STRICT_OBJC_MSGSEND = YES;
				ENABLE_TESTABILITY = YES;
				GCC_C_LANGUAGE_STANDARD = gnu11;
				GCC_DYNAMIC_NO_PIC = NO;
				GCC_NO_COMMON_BLOCKS = YES;
				GCC_OPTIMIZATION_LEVEL = 0;
				GCC_PREPROCESSOR_DEFINITIONS = (
					"DEBUG=1",
					"$(inherited)",
				);
				GCC_WARN_64_TO_32_BIT_CONVERSION = YES;
				GCC_WARN_ABOUT_RETURN_TYPE = YES_ERROR;
				GCC_WARN_UNDECLARED_SELECTOR = YES;
				GCC_WARN_UNINITIALIZED_AUTOS = YES_AGGRESSIVE;
				GCC_WARN_UNUSED_FUNCTION = YES;
				GCC_WARN_UNUSED_VARIABLE = YES;
				IPHONEOS_DEPLOYMENT_TARGET = 14.5;
				MTL_ENABLE_DEBUG_INFO = INCLUDE_SOURCE;
				MTL_FAST_MATH = YES;
				ONLY_ACTIVE_ARCH = YES;
				SDKROOT = iphoneos;
				SWIFT_ACTIVE_COMPILATION_CONDITIONS = DEBUG;
				SWIFT_OPTIMIZATION_LEVEL = "-Onone";
			};
			name = Debug;
		};
		18ED6046266269A900FA05D1 /* Release */ = {
			isa = XCBuildConfiguration;
			buildSettings = {
				ALWAYS_SEARCH_USER_PATHS = NO;
				CLANG_ANALYZER_NONNULL = YES;
				CLANG_ANALYZER_NUMBER_OBJECT_CONVERSION = YES_AGGRESSIVE;
				CLANG_CXX_LANGUAGE_STANDARD = "gnu++14";
				CLANG_CXX_LIBRARY = "libc++";
				CLANG_ENABLE_MODULES = YES;
				CLANG_ENABLE_OBJC_ARC = YES;
				CLANG_ENABLE_OBJC_WEAK = YES;
				CLANG_WARN_BLOCK_CAPTURE_AUTORELEASING = YES;
				CLANG_WARN_BOOL_CONVERSION = YES;
				CLANG_WARN_COMMA = YES;
				CLANG_WARN_CONSTANT_CONVERSION = YES;
				CLANG_WARN_DEPRECATED_OBJC_IMPLEMENTATIONS = YES;
				CLANG_WARN_DIRECT_OBJC_ISA_USAGE = YES_ERROR;
				CLANG_WARN_DOCUMENTATION_COMMENTS = YES;
				CLANG_WARN_EMPTY_BODY = YES;
				CLANG_WARN_ENUM_CONVERSION = YES;
				CLANG_WARN_INFINITE_RECURSION = YES;
				CLANG_WARN_INT_CONVERSION = YES;
				CLANG_WARN_NON_LITERAL_NULL_CONVERSION = YES;
				CLANG_WARN_OBJC_IMPLICIT_RETAIN_SELF = YES;
				CLANG_WARN_OBJC_LITERAL_CONVERSION = YES;
				CLANG_WARN_OBJC_ROOT_CLASS = YES_ERROR;
				CLANG_WARN_QUOTED_INCLUDE_IN_FRAMEWORK_HEADER = YES;
				CLANG_WARN_RANGE_LOOP_ANALYSIS = YES;
				CLANG_WARN_STRICT_PROTOTYPES = YES;
				CLANG_WARN_SUSPICIOUS_MOVE = YES;
				CLANG_WARN_UNGUARDED_AVAILABILITY = YES_AGGRESSIVE;
				CLANG_WARN_UNREACHABLE_CODE = YES;
				CLANG_WARN__DUPLICATE_METHOD_MATCH = YES;
				COPY_PHASE_STRIP = NO;
				DEBUG_INFORMATION_FORMAT = "dwarf-with-dsym";
				ENABLE_NS_ASSERTIONS = NO;
				ENABLE_STRICT_OBJC_MSGSEND = YES;
				GCC_C_LANGUAGE_STANDARD = gnu11;
				GCC_NO_COMMON_BLOCKS = YES;
				GCC_WARN_64_TO_32_BIT_CONVERSION = YES;
				GCC_WARN_ABOUT_RETURN_TYPE = YES_ERROR;
				GCC_WARN_UNDECLARED_SELECTOR = YES;
				GCC_WARN_UNINITIALIZED_AUTOS = YES_AGGRESSIVE;
				GCC_WARN_UNUSED_FUNCTION = YES;
				GCC_WARN_UNUSED_VARIABLE = YES;
				IPHONEOS_DEPLOYMENT_TARGET = 14.5;
				MTL_ENABLE_DEBUG_INFO = NO;
				MTL_FAST_MATH = YES;
				SDKROOT = iphoneos;
				SWIFT_COMPILATION_MODE = wholemodule;
				SWIFT_OPTIMIZATION_LEVEL = "-O";
				VALIDATE_PRODUCT = YES;
			};
			name = Release;
		};
		18ED6048266269A900FA05D1 /* Debug */ = {
			isa = XCBuildConfiguration;
			buildSettings = {
				ASSETCATALOG_COMPILER_APPICON_NAME = AppIcon;
				ASSETCATALOG_COMPILER_GLOBAL_ACCENT_COLOR_NAME = AccentColor;
				CODE_SIGN_STYLE = Automatic;
				DEVELOPMENT_TEAM = LF62428J43;
				INFOPLIST_FILE = MVVM_News/Info.plist;
				LD_RUNPATH_SEARCH_PATHS = (
					"$(inherited)",
					"@executable_path/Frameworks",
				);
				PRODUCT_BUNDLE_IDENTIFIER = "com.gudkesh.MVVM-News";
				PRODUCT_NAME = "$(TARGET_NAME)";
				SWIFT_VERSION = 5.0;
				TARGETED_DEVICE_FAMILY = "1,2";
			};
			name = Debug;
		};
		18ED6049266269A900FA05D1 /* Release */ = {
			isa = XCBuildConfiguration;
			buildSettings = {
				ASSETCATALOG_COMPILER_APPICON_NAME = AppIcon;
				ASSETCATALOG_COMPILER_GLOBAL_ACCENT_COLOR_NAME = AccentColor;
				CODE_SIGN_STYLE = Automatic;
				DEVELOPMENT_TEAM = LF62428J43;
				INFOPLIST_FILE = MVVM_News/Info.plist;
				LD_RUNPATH_SEARCH_PATHS = (
					"$(inherited)",
					"@executable_path/Frameworks",
				);
				PRODUCT_BUNDLE_IDENTIFIER = "com.gudkesh.MVVM-News";
				PRODUCT_NAME = "$(TARGET_NAME)";
				SWIFT_VERSION = 5.0;
				TARGETED_DEVICE_FAMILY = "1,2";
			};
			name = Release;
		};
		18ED604B266269A900FA05D1 /* Debug */ = {
			isa = XCBuildConfiguration;
			buildSettings = {
				ALWAYS_EMBED_SWIFT_STANDARD_LIBRARIES = YES;
				BUNDLE_LOADER = "$(TEST_HOST)";
				CODE_SIGN_STYLE = Automatic;
				DEVELOPMENT_TEAM = LF62428J43;
				INFOPLIST_FILE = MVVM_NewsTests/Info.plist;
				IPHONEOS_DEPLOYMENT_TARGET = 14.5;
				LD_RUNPATH_SEARCH_PATHS = (
					"$(inherited)",
					"@executable_path/Frameworks",
					"@loader_path/Frameworks",
				);
				PRODUCT_BUNDLE_IDENTIFIER = "com.gudkesh.MVVM-NewsTests";
				PRODUCT_NAME = "$(TARGET_NAME)";
				SWIFT_VERSION = 5.0;
				TARGETED_DEVICE_FAMILY = "1,2";
				TEST_HOST = "$(BUILT_PRODUCTS_DIR)/MVVM_News.app/MVVM_News";
			};
			name = Debug;
		};
		18ED604C266269A900FA05D1 /* Release */ = {
			isa = XCBuildConfiguration;
			buildSettings = {
				ALWAYS_EMBED_SWIFT_STANDARD_LIBRARIES = YES;
				BUNDLE_LOADER = "$(TEST_HOST)";
				CODE_SIGN_STYLE = Automatic;
				DEVELOPMENT_TEAM = LF62428J43;
				INFOPLIST_FILE = MVVM_NewsTests/Info.plist;
				IPHONEOS_DEPLOYMENT_TARGET = 14.5;
				LD_RUNPATH_SEARCH_PATHS = (
					"$(inherited)",
					"@executable_path/Frameworks",
					"@loader_path/Frameworks",
				);
				PRODUCT_BUNDLE_IDENTIFIER = "com.gudkesh.MVVM-NewsTests";
				PRODUCT_NAME = "$(TARGET_NAME)";
				SWIFT_VERSION = 5.0;
				TARGETED_DEVICE_FAMILY = "1,2";
				TEST_HOST = "$(BUILT_PRODUCTS_DIR)/MVVM_News.app/MVVM_News";
			};
			name = Release;
		};
		18ED604E266269A900FA05D1 /* Debug */ = {
			isa = XCBuildConfiguration;
			buildSettings = {
				ALWAYS_EMBED_SWIFT_STANDARD_LIBRARIES = YES;
				CODE_SIGN_STYLE = Automatic;
				DEVELOPMENT_TEAM = LF62428J43;
				INFOPLIST_FILE = MVVM_NewsUITests/Info.plist;
				LD_RUNPATH_SEARCH_PATHS = (
					"$(inherited)",
					"@executable_path/Frameworks",
					"@loader_path/Frameworks",
				);
				PRODUCT_BUNDLE_IDENTIFIER = "com.gudkesh.MVVM-NewsUITests";
				PRODUCT_NAME = "$(TARGET_NAME)";
				SWIFT_VERSION = 5.0;
				TARGETED_DEVICE_FAMILY = "1,2";
				TEST_TARGET_NAME = MVVM_News;
			};
			name = Debug;
		};
		18ED604F266269A900FA05D1 /* Release */ = {
			isa = XCBuildConfiguration;
			buildSettings = {
				ALWAYS_EMBED_SWIFT_STANDARD_LIBRARIES = YES;
				CODE_SIGN_STYLE = Automatic;
				DEVELOPMENT_TEAM = LF62428J43;
				INFOPLIST_FILE = MVVM_NewsUITests/Info.plist;
				LD_RUNPATH_SEARCH_PATHS = (
					"$(inherited)",
					"@executable_path/Frameworks",
					"@loader_path/Frameworks",
				);
				PRODUCT_BUNDLE_IDENTIFIER = "com.gudkesh.MVVM-NewsUITests";
				PRODUCT_NAME = "$(TARGET_NAME)";
				SWIFT_VERSION = 5.0;
				TARGETED_DEVICE_FAMILY = "1,2";
				TEST_TARGET_NAME = MVVM_News;
			};
			name = Release;
		};
/* End XCBuildConfiguration section */

/* Begin XCConfigurationList section */
		18ED6018266269A400FA05D1 /* Build configuration list for PBXProject "MVVM_News" */ = {
			isa = XCConfigurationList;
			buildConfigurations = (
				18ED6045266269A900FA05D1 /* Debug */,
				18ED6046266269A900FA05D1 /* Release */,
			);
			defaultConfigurationIsVisible = 0;
			defaultConfigurationName = Release;
		};
		18ED6047266269A900FA05D1 /* Build configuration list for PBXNativeTarget "MVVM_News" */ = {
			isa = XCConfigurationList;
			buildConfigurations = (
				18ED6048266269A900FA05D1 /* Debug */,
				18ED6049266269A900FA05D1 /* Release */,
			);
			defaultConfigurationIsVisible = 0;
			defaultConfigurationName = Release;
		};
		18ED604A266269A900FA05D1 /* Build configuration list for PBXNativeTarget "MVVM_NewsTests" */ = {
			isa = XCConfigurationList;
			buildConfigurations = (
				18ED604B266269A900FA05D1 /* Debug */,
				18ED604C266269A900FA05D1 /* Release */,
			);
			defaultConfigurationIsVisible = 0;
			defaultConfigurationName = Release;
		};
		18ED604D266269A900FA05D1 /* Build configuration list for PBXNativeTarget "MVVM_NewsUITests" */ = {
			isa = XCConfigurationList;
			buildConfigurations = (
				18ED604E266269A900FA05D1 /* Debug */,
				18ED604F266269A900FA05D1 /* Release */,
			);
			defaultConfigurationIsVisible = 0;
			defaultConfigurationName = Release;
		};
/* End XCConfigurationList section */
	};
	rootObject = 18ED6015266269A400FA05D1 /* Project object */;
}
